
Microsoft Visual Studio Solution File, Format Version 12.00
# Visual Studio Version 17
VisualStudioVersion = 17.8.34330.188
MinimumVisualStudioVersion = 10.0.40219.1
Project("{FAE04EC0-301F-11D3-BF4B-00C04F79EFBC}") = "Colision2", "Colision2\Colision2.csproj", "{465D5820-DBF2-4705-8541-F08DB820ACD7}"
EndProject
Global
	GlobalSection(SolutionConfigurationPlatforms) = preSolution
		Debug|Any CPU = Debug|Any CPU
		Release|Any CPU = Release|Any CPU
	EndGlobalSection
	GlobalSection(ProjectConfigurationPlatforms) = postSolution
		{465D5820-DBF2-4705-8541-F08DB820ACD7}.Debug|Any CPU.ActiveCfg = Debug|Any CPU
		{465D5820-DBF2-4705-8541-F08DB820ACD7}.Debug|Any CPU.Build.0 = Debug|Any CPU
		{465D5820-DBF2-4705-8541-F08DB820ACD7}.Release|Any CPU.ActiveCfg = Release|Any CPU
		{465D5820-DBF2-4705-8541-F08DB820ACD7}.Release|Any CPU.Build.0 = Release|Any CPU
	EndGlobalSection
	GlobalSection(SolutionProperties) = preSolution
		HideSolutionNode = FALSE
	EndGlobalSection
	GlobalSection(ExtensibilityGlobals) = postSolution
		SolutionGuid = {475F2A0F-F426-43F5-8A6B-BC37043FBA02}
	EndGlobalSection
EndGlobal
